
Microsoft Visual Studio Solution File, Format Version 12.00
# Visual Studio Version 17
VisualStudioVersion = 17.0.31903.59
MinimumVisualStudioVersion = 10.0.40219.1
Project("{FAE04EC0-301F-11D3-BF4B-00C04F79EFBC}") = "Entities", "Entities\Entities.csproj", "{9EA3B48B-6F8A-40F4-92BB-633E8EEE0FFC}"
EndProject
Project("{FAE04EC0-301F-11D3-BF4B-00C04F79EFBC}") = "LightningAlert", "Web\LightningAlert.csproj", "{9C3A8A00-38CE-455B-BA67-540842E99F1B}"
EndProject
Project("{FAE04EC0-301F-11D3-BF4B-00C04F79EFBC}") = "Tests", "Tests\Tests.csproj", "{AD857575-8CC5-4138-93A6-E88BDEA89BEB}"
EndProject
Global
	GlobalSection(SolutionConfigurationPlatforms) = preSolution
		Debug|Any CPU = Debug|Any CPU
		Release|Any CPU = Release|Any CPU
	EndGlobalSection
	GlobalSection(SolutionProperties) = preSolution
		HideSolutionNode = FALSE
	EndGlobalSection
	GlobalSection(ProjectConfigurationPlatforms) = postSolution
		{9EA3B48B-6F8A-40F4-92BB-633E8EEE0FFC}.Debug|Any CPU.ActiveCfg = Debug|Any CPU
		{9EA3B48B-6F8A-40F4-92BB-633E8EEE0FFC}.Debug|Any CPU.Build.0 = Debug|Any CPU
		{9EA3B48B-6F8A-40F4-92BB-633E8EEE0FFC}.Release|Any CPU.ActiveCfg = Release|Any CPU
		{9EA3B48B-6F8A-40F4-92BB-633E8EEE0FFC}.Release|Any CPU.Build.0 = Release|Any CPU
		{9C3A8A00-38CE-455B-BA67-540842E99F1B}.Debug|Any CPU.ActiveCfg = Debug|Any CPU
		{9C3A8A00-38CE-455B-BA67-540842E99F1B}.Debug|Any CPU.Build.0 = Debug|Any CPU
		{9C3A8A00-38CE-455B-BA67-540842E99F1B}.Release|Any CPU.ActiveCfg = Release|Any CPU
		{9C3A8A00-38CE-455B-BA67-540842E99F1B}.Release|Any CPU.Build.0 = Release|Any CPU
		{AD857575-8CC5-4138-93A6-E88BDEA89BEB}.Debug|Any CPU.ActiveCfg = Debug|Any CPU
		{AD857575-8CC5-4138-93A6-E88BDEA89BEB}.Debug|Any CPU.Build.0 = Debug|Any CPU
		{AD857575-8CC5-4138-93A6-E88BDEA89BEB}.Release|Any CPU.ActiveCfg = Release|Any CPU
		{AD857575-8CC5-4138-93A6-E88BDEA89BEB}.Release|Any CPU.Build.0 = Release|Any CPU
	EndGlobalSection
EndGlobal
